
Microsoft Visual Studio Solution File, Format Version 12.00
# Visual Studio Version 17
VisualStudioVersion = 17.5.33424.131
MinimumVisualStudioVersion = 10.0.40219.1
Project("{2150E333-8FDC-42A3-9474-1A3956D46DE8}") = "Platforms", "Platforms", "{8878A690-C3C9-4EA5-ABA3-DC15B200A350}"
EndProject
Project("{9A19103F-16F7-4668-BE54-9A1E7A4F7556}") = "HonkPooper", "HonkPooper\HonkPooper\HonkPooper.csproj", "{A227AFBA-2026-44B3-8085-CEC8357E2DC2}"
EndProject
Project("{9A19103F-16F7-4668-BE54-9A1E7A4F7556}") = "HonkPooper.Wasm", "HonkPooper\HonkPooper.Wasm\HonkPooper.Wasm.csproj", "{B9DD169D-4A26-4373-90BB-7D3F5817670B}"
EndProject
Project("{9A19103F-16F7-4668-BE54-9A1E7A4F7556}") = "HonkPooper.Mobile", "HonkPooper\HonkPooper.Mobile\HonkPooper.Mobile.csproj", "{7DA592F4-144F-4F5F-A657-3D906785A4F7}"
EndProject
Global
	GlobalSection(SolutionConfigurationPlatforms) = preSolution
		Debug|Any CPU = Debug|Any CPU
		Release|Any CPU = Release|Any CPU
	EndGlobalSection
	GlobalSection(ProjectConfigurationPlatforms) = postSolution
		{A227AFBA-2026-44B3-8085-CEC8357E2DC2}.Debug|Any CPU.ActiveCfg = Debug|Any CPU
		{A227AFBA-2026-44B3-8085-CEC8357E2DC2}.Debug|Any CPU.Build.0 = Debug|Any CPU
		{A227AFBA-2026-44B3-8085-CEC8357E2DC2}.Release|Any CPU.ActiveCfg = Release|Any CPU
		{A227AFBA-2026-44B3-8085-CEC8357E2DC2}.Release|Any CPU.Build.0 = Release|Any CPU
		{B9DD169D-4A26-4373-90BB-7D3F5817670B}.Debug|Any CPU.ActiveCfg = Debug|Any CPU
		{B9DD169D-4A26-4373-90BB-7D3F5817670B}.Debug|Any CPU.Build.0 = Debug|Any CPU
		{B9DD169D-4A26-4373-90BB-7D3F5817670B}.Release|Any CPU.ActiveCfg = Release|Any CPU
		{B9DD169D-4A26-4373-90BB-7D3F5817670B}.Release|Any CPU.Build.0 = Release|Any CPU
		{7DA592F4-144F-4F5F-A657-3D906785A4F7}.Debug|Any CPU.ActiveCfg = Debug|Any CPU
		{7DA592F4-144F-4F5F-A657-3D906785A4F7}.Debug|Any CPU.Build.0 = Debug|Any CPU
		{7DA592F4-144F-4F5F-A657-3D906785A4F7}.Debug|Any CPU.Deploy.0 = Debug|Any CPU
		{7DA592F4-144F-4F5F-A657-3D906785A4F7}.Release|Any CPU.ActiveCfg = Release|Any CPU
		{7DA592F4-144F-4F5F-A657-3D906785A4F7}.Release|Any CPU.Build.0 = Release|Any CPU
		{7DA592F4-144F-4F5F-A657-3D906785A4F7}.Release|Any CPU.Deploy.0 = Release|Any CPU
	EndGlobalSection
	GlobalSection(SolutionProperties) = preSolution
		HideSolutionNode = FALSE
	EndGlobalSection
	GlobalSection(NestedProjects) = preSolution
		{B9DD169D-4A26-4373-90BB-7D3F5817670B} = {8878A690-C3C9-4EA5-ABA3-DC15B200A350}
		{7DA592F4-144F-4F5F-A657-3D906785A4F7} = {8878A690-C3C9-4EA5-ABA3-DC15B200A350}
	EndGlobalSection
	GlobalSection(ExtensibilityGlobals) = postSolution
		SolutionGuid = {F4AD2BB2-C60F-4469-AAA9-2D73D84E6FE3}
	EndGlobalSection
EndGlobal
